
Microsoft Visual Studio Solution File, Format Version 12.00
# Visual Studio Version 17
VisualStudioVersion = 17.3.32929.385
MinimumVisualStudioVersion = 10.0.40219.1
Project("{FAE04EC0-301F-11D3-BF4B-00C04F79EFBC}") = "api", "api.csproj", "{F5DC49AD-341F-4BDD-A575-BADC5356139A}"
EndProject
Global
	GlobalSection(SolutionConfigurationPlatforms) = preSolution
		Debug|Any CPU = Debug|Any CPU
		Release|Any CPU = Release|Any CPU
	EndGlobalSection
	GlobalSection(ProjectConfigurationPlatforms) = postSolution
		{F5DC49AD-341F-4BDD-A575-BADC5356139A}.Debug|Any CPU.ActiveCfg = Debug|Any CPU
		{F5DC49AD-341F-4BDD-A575-BADC5356139A}.Debug|Any CPU.Build.0 = Debug|Any CPU
		{F5DC49AD-341F-4BDD-A575-BADC5356139A}.Release|Any CPU.ActiveCfg = Release|Any CPU
		{F5DC49AD-341F-4BDD-A575-BADC5356139A}.Release|Any CPU.Build.0 = Release|Any CPU
	EndGlobalSection
	GlobalSection(SolutionProperties) = preSolution
		HideSolutionNode = FALSE
	EndGlobalSection
	GlobalSection(ExtensibilityGlobals) = postSolution
		SolutionGuid = {5D24F6EF-AB8E-4EDF-8379-5105D5C0C7CE}
	EndGlobalSection
EndGlobal
